
Microsoft Visual Studio Solution File, Format Version 12.00
# Visual Studio Version 16
VisualStudioVersion = 16.0.30002.166
MinimumVisualStudioVersion = 10.0.40219.1
Project("{FAE04EC0-301F-11D3-BF4B-00C04F79EFBC}") = "tetris", "tetris\tetris.csproj", "{4FD87D6A-7B34-447C-BE54-DA468EFC0E59}"
EndProject
Global
	GlobalSection(SolutionConfigurationPlatforms) = preSolution
		Debug|Any CPU = Debug|Any CPU
		Release|Any CPU = Release|Any CPU
	EndGlobalSection
	GlobalSection(ProjectConfigurationPlatforms) = postSolution
		{4FD87D6A-7B34-447C-BE54-DA468EFC0E59}.Debug|Any CPU.ActiveCfg = Debug|Any CPU
		{4FD87D6A-7B34-447C-BE54-DA468EFC0E59}.Debug|Any CPU.Build.0 = Debug|Any CPU
		{4FD87D6A-7B34-447C-BE54-DA468EFC0E59}.Release|Any CPU.ActiveCfg = Release|Any CPU
		{4FD87D6A-7B34-447C-BE54-DA468EFC0E59}.Release|Any CPU.Build.0 = Release|Any CPU
	EndGlobalSection
	GlobalSection(SolutionProperties) = preSolution
		HideSolutionNode = FALSE
	EndGlobalSection
	GlobalSection(ExtensibilityGlobals) = postSolution
		SolutionGuid = {DCC7889E-4652-49D6-BD28-BDA13AA9E629}
	EndGlobalSection
EndGlobal
